{
  "nodes": {
    "libgnunetchat-src": {
      "flake": false,
      "locked": {
        "lastModified": 1660421009,
        "narHash": "sha256-U6m6AgjnYy9BL158WktpGbf/Evurst5LExK4YU26WJU=",
        "ref": "refs/heads/master",
        "rev": "a67bafd0a50710de5fd729dbc5b938ad48580954",
        "revCount": 98,
        "type": "git",
        "url": "https://git.gnunet.org/libgnunetchat"
      },
      "original": {
        "type": "git",
        "url": "https://git.gnunet.org/libgnunetchat"
      }
    },
    "messenger-cli-src": {
      "flake": false,
      "locked": {
        "lastModified": 1662748431,
        "narHash": "sha256-y+6A70dh973qJTDy12Tgm4dvgZgPjtkqSHklP0/6YBc=",
        "ref": "refs/heads/master",
        "rev": "969f1536918e342bb331acfb042bf906c307978c",
        "revCount": 36,
        "type": "git",
        "url": "https://git.gnunet.org/messenger-cli"
      },
      "original": {
        "type": "git",
        "url": "https://git.gnunet.org/messenger-cli"
      }
    },
    "nixpkgs": {
      "locked": {
        "lastModified": 1662821606,
        "narHash": "sha256-Z9z9iSH+tgJ0iyRcBfEQRwELgjnhpVXsktiWiFe3SuY=",
        "path": "/nix/store/pbcwa8w0rrqpfjch7cjjyfnis4sqsz10-source",
        "rev": "93a0067a9c85c17764f7755947e6ecf52dc47d8a",
        "type": "path"
      },
      "original": {
        "id": "nixpkgs",
        "type": "indirect"
      }
    },
    "root": {
      "inputs": {
        "libgnunetchat-src": "libgnunetchat-src",
        "messenger-cli-src": "messenger-cli-src",
        "nixpkgs": "nixpkgs"
      }
    }
  },
  "root": "root",
  "version": 7
}
